
Microsoft Visual Studio Solution File, Format Version 12.00
# Visual Studio Version 16
VisualStudioVersion = 16.0.31624.102
MinimumVisualStudioVersion = 10.0.40219.1
Project("{FAE04EC0-301F-11D3-BF4B-00C04F79EFBC}") = "MovieTicketBooking.Domain", "MovieTicketBooking.Domain\MovieTicketBooking.Domain.csproj", "{06DFF2F0-8986-41B9-AF8D-84D5A4829B04}"
EndProject
Project("{FAE04EC0-301F-11D3-BF4B-00C04F79EFBC}") = "MovieTicketBooking.Infrastructure", "MovieTicketBooking.Infrastructure\MovieTicketBooking.Infrastructure.csproj", "{3F0C8675-9C05-4CF8-BE23-22219404C901}"
EndProject
Project("{FAE04EC0-301F-11D3-BF4B-00C04F79EFBC}") = "MovieTicketBooking.Application1", "MovieTicketBooking.Application1\MovieTicketBooking.Application1.csproj", "{6488DA68-F7F4-4F33-9342-FB94A3A73696}"
EndProject
Global
	GlobalSection(SolutionConfigurationPlatforms) = preSolution
		Debug|Any CPU = Debug|Any CPU
		Release|Any CPU = Release|Any CPU
	EndGlobalSection
	GlobalSection(ProjectConfigurationPlatforms) = postSolution
		{06DFF2F0-8986-41B9-AF8D-84D5A4829B04}.Debug|Any CPU.ActiveCfg = Debug|Any CPU
		{06DFF2F0-8986-41B9-AF8D-84D5A4829B04}.Debug|Any CPU.Build.0 = Debug|Any CPU
		{06DFF2F0-8986-41B9-AF8D-84D5A4829B04}.Release|Any CPU.ActiveCfg = Release|Any CPU
		{06DFF2F0-8986-41B9-AF8D-84D5A4829B04}.Release|Any CPU.Build.0 = Release|Any CPU
		{3F0C8675-9C05-4CF8-BE23-22219404C901}.Debug|Any CPU.ActiveCfg = Debug|Any CPU
		{3F0C8675-9C05-4CF8-BE23-22219404C901}.Debug|Any CPU.Build.0 = Debug|Any CPU
		{3F0C8675-9C05-4CF8-BE23-22219404C901}.Release|Any CPU.ActiveCfg = Release|Any CPU
		{3F0C8675-9C05-4CF8-BE23-22219404C901}.Release|Any CPU.Build.0 = Release|Any CPU
		{6488DA68-F7F4-4F33-9342-FB94A3A73696}.Debug|Any CPU.ActiveCfg = Debug|Any CPU
		{6488DA68-F7F4-4F33-9342-FB94A3A73696}.Debug|Any CPU.Build.0 = Debug|Any CPU
		{6488DA68-F7F4-4F33-9342-FB94A3A73696}.Release|Any CPU.ActiveCfg = Release|Any CPU
		{6488DA68-F7F4-4F33-9342-FB94A3A73696}.Release|Any CPU.Build.0 = Release|Any CPU
	EndGlobalSection
	GlobalSection(SolutionProperties) = preSolution
		HideSolutionNode = FALSE
	EndGlobalSection
	GlobalSection(ExtensibilityGlobals) = postSolution
		SolutionGuid = {44EF2649-84D7-4B25-9668-0F6822D1E393}
	EndGlobalSection
EndGlobal
